{
  "nodes": {
    "flake-parts": {
      "inputs": {
        "nixpkgs-lib": [
          "nixpkgs-lib"
        ]
      },
      "locked": {
        "lastModified": 1772408722,
        "narHash": "sha256-rHuJtdcOjK7rAHpHphUb1iCvgkU3GpfvicLMwwnfMT0=",
        "rev": "f20dc5d9b8027381c474144ecabc9034d6a839a3",
        "revCount": 445,
        "type": "tarball",
        "url": "https://api.flakehub.com/f/pinned/hercules-ci/flake-parts/0.1.445%2Brev-f20dc5d9b8027381c474144ecabc9034d6a839a3/019cad18-ffd9-70a0-90f8-be89e5f67bbd/source.tar.gz"
      },
      "original": {
        "type": "tarball",
        "url": "https://flakehub.com/f/hercules-ci/flake-parts/%2A"
      }
    },
    "import-tree": {
      "locked": {
        "lastModified": 1773693634,
        "narHash": "sha256-BtZ2dtkBdSUnFPPFc+n0kcMbgaTxzFNPv2iaO326Ffg=",
        "owner": "vic",
        "repo": "import-tree",
        "rev": "c41e7d58045f9057880b0d85e1152d6a4430dbf1",
        "type": "github"
      },
      "original": {
        "owner": "vic",
        "repo": "import-tree",
        "type": "github"
      }
    },
    "nixpkgs": {
      "locked": {
        "lastModified": 1773821835,
        "narHash": "sha256-TJ3lSQtW0E2JrznGVm8hOQGVpXjJyXY2guAxku2O9A4=",
        "rev": "b40629efe5d6ec48dd1efba650c797ddbd39ace0",
        "revCount": 964859,
        "type": "tarball",
        "url": "https://api.flakehub.com/f/pinned/nixos/nixpkgs/0.1.964859%2Brev-b40629efe5d6ec48dd1efba650c797ddbd39ace0/019d03e9-2959-7276-adaa-d074e96422de/source.tar.gz"
      },
      "original": {
        "type": "tarball",
        "url": "https://flakehub.com/f/nixos/nixpkgs/0.1"
      }
    },
    "nixpkgs-lib": {
      "locked": {
        "lastModified": 1773538553,
        "narHash": "sha256-hohiyWALn8cXqk3FPnE3UADy03lRMaTV5iRzKCU86zM=",
        "owner": "nix-community",
        "repo": "nixpkgs.lib",
        "rev": "a5ed666a3c206de0019b4c9dafc3a51f352bc7e3",
        "type": "github"
      },
      "original": {
        "owner": "nix-community",
        "repo": "nixpkgs.lib",
        "type": "github"
      }
    },
    "root": {
      "inputs": {
        "flake-parts": "flake-parts",
        "import-tree": "import-tree",
        "nixpkgs": "nixpkgs",
        "nixpkgs-lib": "nixpkgs-lib"
      }
    }
  },
  "root": "root",
  "version": 7
}
